
Microsoft Visual Studio Solution File, Format Version 12.00
# Visual Studio Version 17
VisualStudioVersion = 17.2.32630.192
MinimumVisualStudioVersion = 10.0.40219.1
Project("{FAE04EC0-301F-11D3-BF4B-00C04F79EFBC}") = "C SHRP DS AND CLASSWORK", "C SHRP DS AND CLASSWORK\C SHRP DS AND CLASSWORK.csproj", "{1564D297-7072-457F-ADD1-451F59D49699}"
EndProject
Global
	GlobalSection(SolutionConfigurationPlatforms) = preSolution
		Debug|Any CPU = Debug|Any CPU
		Release|Any CPU = Release|Any CPU
	EndGlobalSection
	GlobalSection(ProjectConfigurationPlatforms) = postSolution
		{1564D297-7072-457F-ADD1-451F59D49699}.Debug|Any CPU.ActiveCfg = Debug|Any CPU
		{1564D297-7072-457F-ADD1-451F59D49699}.Debug|Any CPU.Build.0 = Debug|Any CPU
		{1564D297-7072-457F-ADD1-451F59D49699}.Release|Any CPU.ActiveCfg = Release|Any CPU
		{1564D297-7072-457F-ADD1-451F59D49699}.Release|Any CPU.Build.0 = Release|Any CPU
	EndGlobalSection
	GlobalSection(SolutionProperties) = preSolution
		HideSolutionNode = FALSE
	EndGlobalSection
	GlobalSection(ExtensibilityGlobals) = postSolution
		SolutionGuid = {B6598E40-09C2-488A-8C77-D7EE30152FB3}
	EndGlobalSection
EndGlobal
